// !$*UTF8*$!
{
	archiveVersion = 1;
	classes = {
	};
	objectVersion = 56;
	objects = {

/* Begin PBXBuildFile section */
		F45CABD0292F59C7003C484D /* VDignitesAstrales.swift in Sources */ = {isa = PBXBuildFile; fileRef = F45CABCF292F59C7003C484D /* VDignitesAstrales.swift */; };
		F4AED166292E130C00480C2E /* astrohelperApp.swift in Sources */ = {isa = PBXBuildFile; fileRef = F4AED165292E130C00480C2E /* astrohelperApp.swift */; };
		F4AED168292E130C00480C2E /* ContentView.swift in Sources */ = {isa = PBXBuildFile; fileRef = F4AED167292E130C00480C2E /* ContentView.swift */; };
		F4AED16A292E130E00480C2E /* Assets.xcassets in Resources */ = {isa = PBXBuildFile; fileRef = F4AED169292E130E00480C2E /* Assets.xcassets */; };
		F4AED16D292E130E00480C2E /* Preview Assets.xcassets in Resources */ = {isa = PBXBuildFile; fileRef = F4AED16C292E130E00480C2E /* Preview Assets.xcassets */; };
		F4AED175292E13C500480C2E /* Zip in Frameworks */ = {isa = PBXBuildFile; productRef = F4AED174292E13C500480C2E /* Zip */; };
		F4AED178292E13DE00480C2E /* SweBressaniDev in Frameworks */ = {isa = PBXBuildFile; productRef = F4AED177292E13DE00480C2E /* SweBressaniDev */; };
		F4AED17C292E15B900480C2E /* ephem.zip in Resources */ = {isa = PBXBuildFile; fileRef = F4AED17B292E15B900480C2E /* ephem.zip */; };
/* End PBXBuildFile section */

/* Begin PBXFileReference section */
		F45CABCF292F59C7003C484D /* VDignitesAstrales.swift */ = {isa = PBXFileReference; fileEncoding = 4; lastKnownFileType = sourcecode.swift; path = VDignitesAstrales.swift; sourceTree = "<group>"; };
		F4AED162292E130C00480C2E /* astrohelper.app */ = {isa = PBXFileReference; explicitFileType = wrapper.application; includeInIndex = 0; path = astrohelper.app; sourceTree = BUILT_PRODUCTS_DIR; };
		F4AED165292E130C00480C2E /* astrohelperApp.swift */ = {isa = PBXFileReference; lastKnownFileType = sourcecode.swift; path = astrohelperApp.swift; sourceTree = "<group>"; };
		F4AED167292E130C00480C2E /* ContentView.swift */ = {isa = PBXFileReference; lastKnownFileType = sourcecode.swift; path = ContentView.swift; sourceTree = "<group>"; };
		F4AED169292E130E00480C2E /* Assets.xcassets */ = {isa = PBXFileReference; lastKnownFileType = folder.assetcatalog; path = Assets.xcassets; sourceTree = "<group>"; };
		F4AED16C292E130E00480C2E /* Preview Assets.xcassets */ = {isa = PBXFileReference; lastKnownFileType = folder.assetcatalog; path = "Preview Assets.xcassets"; sourceTree = "<group>"; };
		F4AED17B292E15B900480C2E /* ephem.zip */ = {isa = PBXFileReference; lastKnownFileType = archive.zip; path = ephem.zip; sourceTree = "<group>"; };
/* End PBXFileReference section */

/* Begin PBXFrameworksBuildPhase section */
		F4AED15F292E130C00480C2E /* Frameworks */ = {
			isa = PBXFrameworksBuildPhase;
			buildActionMask = 2147483647;
			files = (
				F4AED175292E13C500480C2E /* Zip in Frameworks */,
				F4AED178292E13DE00480C2E /* SweBressaniDev in Frameworks */,
			);
			runOnlyForDeploymentPostprocessing = 0;
		};
/* End PBXFrameworksBuildPhase section */

/* Begin PBXGroup section */
		F4AED159292E130C00480C2E = {
			isa = PBXGroup;
			children = (
				F4AED164292E130C00480C2E /* astrohelper */,
				F4AED163292E130C00480C2E /* Products */,
			);
			sourceTree = "<group>";
		};
		F4AED163292E130C00480C2E /* Products */ = {
			isa = PBXGroup;
			children = (
				F4AED162292E130C00480C2E /* astrohelper.app */,
			);
			name = Products;
			sourceTree = "<group>";
		};
		F4AED164292E130C00480C2E /* astrohelper */ = {
			isa = PBXGroup;
			children = (
				F45CABCF292F59C7003C484D /* VDignitesAstrales.swift */,
				F4AED17B292E15B900480C2E /* ephem.zip */,
				F4AED165292E130C00480C2E /* astrohelperApp.swift */,
				F4AED167292E130C00480C2E /* ContentView.swift */,
				F4AED169292E130E00480C2E /* Assets.xcassets */,
				F4AED16B292E130E00480C2E /* Preview Content */,
			);
			path = astrohelper;
			sourceTree = "<group>";
		};
		F4AED16B292E130E00480C2E /* Preview Content */ = {
			isa = PBXGroup;
			children = (
				F4AED16C292E130E00480C2E /* Preview Assets.xcassets */,
			);
			path = "Preview Content";
			sourceTree = "<group>";
		};
/* End PBXGroup section */

/* Begin PBXNativeTarget section */
		F4AED161292E130C00480C2E /* astrohelper */ = {
			isa = PBXNativeTarget;
			buildConfigurationList = F4AED170292E130E00480C2E /* Build configuration list for PBXNativeTarget "astrohelper" */;
			buildPhases = (
				F4AED15E292E130C00480C2E /* Sources */,
				F4AED15F292E130C00480C2E /* Frameworks */,
				F4AED160292E130C00480C2E /* Resources */,
			);
			buildRules = (
			);
			dependencies = (
			);
			name = astrohelper;
			packageProductDependencies = (
				F4AED174292E13C500480C2E /* Zip */,
				F4AED177292E13DE00480C2E /* SweBressaniDev */,
			);
			productName = astrohelper;
			productReference = F4AED162292E130C00480C2E /* astrohelper.app */;
			productType = "com.apple.product-type.application";
		};
/* End PBXNativeTarget section */

/* Begin PBXProject section */
		F4AED15A292E130C00480C2E /* Project object */ = {
			isa = PBXProject;
			attributes = {
				BuildIndependentTargetsInParallel = 1;
				LastSwiftUpdateCheck = 1410;
				LastUpgradeCheck = 1410;
				TargetAttributes = {
					F4AED161292E130C00480C2E = {
						CreatedOnToolsVersion = 14.1;
					};
				};
			};
			buildConfigurationList = F4AED15D292E130C00480C2E /* Build configuration list for PBXProject "astrohelper" */;
			compatibilityVersion = "Xcode 14.0";
			developmentRegion = en;
			hasScannedForEncodings = 0;
			knownRegions = (
				en,
				Base,
			);
			mainGroup = F4AED159292E130C00480C2E;
			packageReferences = (
				F4AED173292E13C500480C2E /* XCRemoteSwiftPackageReference "Zip-1" */,
				F4AED176292E13DE00480C2E /* XCRemoteSwiftPackageReference "SweBressaniDev" */,
			);
			productRefGroup = F4AED163292E130C00480C2E /* Products */;
			projectDirPath = "";
			projectRoot = "";
			targets = (
				F4AED161292E130C00480C2E /* astrohelper */,
			);
		};
/* End PBXProject section */

/* Begin PBXResourcesBuildPhase section */
		F4AED160292E130C00480C2E /* Resources */ = {
			isa = PBXResourcesBuildPhase;
			buildActionMask = 2147483647;
			files = (
				F4AED16D292E130E00480C2E /* Preview Assets.xcassets in Resources */,
				F4AED16A292E130E00480C2E /* Assets.xcassets in Resources */,
				F4AED17C292E15B900480C2E /* ephem.zip in Resources */,
			);
			runOnlyForDeploymentPostprocessing = 0;
		};
/* End PBXResourcesBuildPhase section */

/* Begin PBXSourcesBuildPhase section */
		F4AED15E292E130C00480C2E /* Sources */ = {
			isa = PBXSourcesBuildPhase;
			buildActionMask = 2147483647;
			files = (
				F4AED168292E130C00480C2E /* ContentView.swift in Sources */,
				F45CABD0292F59C7003C484D /* VDignitesAstrales.swift in Sources */,
				F4AED166292E130C00480C2E /* astrohelperApp.swift in Sources */,
			);
			runOnlyForDeploymentPostprocessing = 0;
		};
/* End PBXSourcesBuildPhase section */

/* Begin XCBuildConfiguration section */
		F4AED16E292E130E00480C2E /* Debug */ = {
			isa = XCBuildConfiguration;
			buildSettings = {
				ALWAYS_SEARCH_USER_PATHS = NO;
				CLANG_ANALYZER_NONNULL = YES;
				CLANG_ANALYZER_NUMBER_OBJECT_CONVERSION = YES_AGGRESSIVE;
				CLANG_CXX_LANGUAGE_STANDARD = "gnu++20";
				CLANG_ENABLE_MODULES = YES;
				CLANG_ENABLE_OBJC_ARC = YES;
				CLANG_ENABLE_OBJC_WEAK = YES;
				CLANG_WARN_BLOCK_CAPTURE_AUTORELEASING = YES;
				CLANG_WARN_BOOL_CONVERSION = YES;
				CLANG_WARN_COMMA = YES;
				CLANG_WARN_CONSTANT_CONVERSION = YES;
				CLANG_WARN_DEPRECATED_OBJC_IMPLEMENTATIONS = YES;
				CLANG_WARN_DIRECT_OBJC_ISA_USAGE = YES_ERROR;
				CLANG_WARN_DOCUMENTATION_COMMENTS = YES;
				CLANG_WARN_EMPTY_BODY = YES;
				CLANG_WARN_ENUM_CONVERSION = YES;
				CLANG_WARN_INFINITE_RECURSION = YES;
				CLANG_WARN_INT_CONVERSION = YES;
				CLANG_WARN_NON_LITERAL_NULL_CONVERSION = YES;
				CLANG_WARN_OBJC_IMPLICIT_RETAIN_SELF = YES;
				CLANG_WARN_OBJC_LITERAL_CONVERSION = YES;
				CLANG_WARN_OBJC_ROOT_CLASS = YES_ERROR;
				CLANG_WARN_QUOTED_INCLUDE_IN_FRAMEWORK_HEADER = YES;
				CLANG_WARN_RANGE_LOOP_ANALYSIS = YES;
				CLANG_WARN_STRICT_PROTOTYPES = YES;
				CLANG_WARN_SUSPICIOUS_MOVE = YES;
				CLANG_WARN_UNGUARDED_AVAILABILITY = YES_AGGRESSIVE;
				CLANG_WARN_UNREACHABLE_CODE = YES;
				CLANG_WARN__DUPLICATE_METHOD_MATCH = YES;
				COPY_PHASE_STRIP = NO;
				DEBUG_INFORMATION_FORMAT = dwarf;
				ENABLE_STRICT_OBJC_MSGSEND = YES;
				ENABLE_TESTABILITY = YES;
				GCC_C_LANGUAGE_STANDARD = gnu11;
				GCC_DYNAMIC_NO_PIC = NO;
				GCC_NO_COMMON_BLOCKS = YES;
				GCC_OPTIMIZATION_LEVEL = 0;
				GCC_PREPROCESSOR_DEFINITIONS = (
					"DEBUG=1",
					"$(inherited)",
				);
				GCC_WARN_64_TO_32_BIT_CONVERSION = YES;
				GCC_WARN_ABOUT_RETURN_TYPE = YES_ERROR;
				GCC_WARN_UNDECLARED_SELECTOR = YES;
				GCC_WARN_UNINITIALIZED_AUTOS = YES_AGGRESSIVE;
				GCC_WARN_UNUSED_FUNCTION = YES;
				GCC_WARN_UNUSED_VARIABLE = YES;
				IPHONEOS_DEPLOYMENT_TARGET = 16.1;
				MTL_ENABLE_DEBUG_INFO = INCLUDE_SOURCE;
				MTL_FAST_MATH = YES;
				ONLY_ACTIVE_ARCH = YES;
				SDKROOT = iphoneos;
				SWIFT_ACTIVE_COMPILATION_CONDITIONS = DEBUG;
				SWIFT_OPTIMIZATION_LEVEL = "-Onone";
			};
			name = Debug;
		};
		F4AED16F292E130E00480C2E /* Release */ = {
			isa = XCBuildConfiguration;
			buildSettings = {
				ALWAYS_SEARCH_USER_PATHS = NO;
				CLANG_ANALYZER_NONNULL = YES;
				CLANG_ANALYZER_NUMBER_OBJECT_CONVERSION = YES_AGGRESSIVE;
				CLANG_CXX_LANGUAGE_STANDARD = "gnu++20";
				CLANG_ENABLE_MODULES = YES;
				CLANG_ENABLE_OBJC_ARC = YES;
				CLANG_ENABLE_OBJC_WEAK = YES;
				CLANG_WARN_BLOCK_CAPTURE_AUTORELEASING = YES;
				CLANG_WARN_BOOL_CONVERSION = YES;
				CLANG_WARN_COMMA = YES;
				CLANG_WARN_CONSTANT_CONVERSION = YES;
				CLANG_WARN_DEPRECATED_OBJC_IMPLEMENTATIONS = YES;
				CLANG_WARN_DIRECT_OBJC_ISA_USAGE = YES_ERROR;
				CLANG_WARN_DOCUMENTATION_COMMENTS = YES;
				CLANG_WARN_EMPTY_BODY = YES;
				CLANG_WARN_ENUM_CONVERSION = YES;
				CLANG_WARN_INFINITE_RECURSION = YES;
				CLANG_WARN_INT_CONVERSION = YES;
				CLANG_WARN_NON_LITERAL_NULL_CONVERSION = YES;
				CLANG_WARN_OBJC_IMPLICIT_RETAIN_SELF = YES;
				CLANG_WARN_OBJC_LITERAL_CONVERSION = YES;
				CLANG_WARN_OBJC_ROOT_CLASS = YES_ERROR;
				CLANG_WARN_QUOTED_INCLUDE_IN_FRAMEWORK_HEADER = YES;
				CLANG_WARN_RANGE_LOOP_ANALYSIS = YES;
				CLANG_WARN_STRICT_PROTOTYPES = YES;
				CLANG_WARN_SUSPICIOUS_MOVE = YES;
				CLANG_WARN_UNGUARDED_AVAILABILITY = YES_AGGRESSIVE;
				CLANG_WARN_UNREACHABLE_CODE = YES;
				CLANG_WARN__DUPLICATE_METHOD_MATCH = YES;
				COPY_PHASE_STRIP = NO;
				DEBUG_INFORMATION_FORMAT = "dwarf-with-dsym";
				ENABLE_NS_ASSERTIONS = NO;
				ENABLE_STRICT_OBJC_MSGSEND = YES;
				GCC_C_LANGUAGE_STANDARD = gnu11;
				GCC_NO_COMMON_BLOCKS = YES;
				GCC_WARN_64_TO_32_BIT_CONVERSION = YES;
				GCC_WARN_ABOUT_RETURN_TYPE = YES_ERROR;
				GCC_WARN_UNDECLARED_SELECTOR = YES;
				GCC_WARN_UNINITIALIZED_AUTOS = YES_AGGRESSIVE;
				GCC_WARN_UNUSED_FUNCTION = YES;
				GCC_WARN_UNUSED_VARIABLE = YES;
				IPHONEOS_DEPLOYMENT_TARGET = 16.1;
				MTL_ENABLE_DEBUG_INFO = NO;
				MTL_FAST_MATH = YES;
				SDKROOT = iphoneos;
				SWIFT_COMPILATION_MODE = wholemodule;
				SWIFT_OPTIMIZATION_LEVEL = "-O";
				VALIDATE_PRODUCT = YES;
			};
			name = Release;
		};
		F4AED171292E130E00480C2E /* Debug */ = {
			isa = XCBuildConfiguration;
			buildSettings = {
				ASSETCATALOG_COMPILER_APPICON_NAME = AppIcon;
				ASSETCATALOG_COMPILER_GLOBAL_ACCENT_COLOR_NAME = AccentColor;
				CODE_SIGN_STYLE = Automatic;
				CURRENT_PROJECT_VERSION = 1;
				DEVELOPMENT_ASSET_PATHS = "\"astrohelper/Preview Content\"";
				DEVELOPMENT_TEAM = 4M7L74G8T6;
				ENABLE_PREVIEWS = YES;
				GENERATE_INFOPLIST_FILE = YES;
				INFOPLIST_KEY_UIApplicationSceneManifest_Generation = YES;
				INFOPLIST_KEY_UIApplicationSupportsIndirectInputEvents = YES;
				INFOPLIST_KEY_UILaunchScreen_Generation = YES;
				INFOPLIST_KEY_UISupportedInterfaceOrientations_iPad = "UIInterfaceOrientationPortrait UIInterfaceOrientationPortraitUpsideDown UIInterfaceOrientationLandscapeLeft UIInterfaceOrientationLandscapeRight";
				INFOPLIST_KEY_UISupportedInterfaceOrientations_iPhone = "UIInterfaceOrientationPortrait UIInterfaceOrientationLandscapeLeft UIInterfaceOrientationLandscapeRight";
				LD_RUNPATH_SEARCH_PATHS = (
					"$(inherited)",
					"@executable_path/Frameworks",
				);
				MARKETING_VERSION = 1.0;
				PRODUCT_BUNDLE_IDENTIFIER = stephane.bressani.dev.astrohelper;
				PRODUCT_NAME = "$(TARGET_NAME)";
				SWIFT_EMIT_LOC_STRINGS = YES;
				SWIFT_VERSION = 5.0;
				TARGETED_DEVICE_FAMILY = "1,2";
			};
			name = Debug;
		};
		F4AED172292E130E00480C2E /* Release */ = {
			isa = XCBuildConfiguration;
			buildSettings = {
				ASSETCATALOG_COMPILER_APPICON_NAME = AppIcon;
				ASSETCATALOG_COMPILER_GLOBAL_ACCENT_COLOR_NAME = AccentColor;
				CODE_SIGN_STYLE = Automatic;
				CURRENT_PROJECT_VERSION = 1;
				DEVELOPMENT_ASSET_PATHS = "\"astrohelper/Preview Content\"";
				DEVELOPMENT_TEAM = 4M7L74G8T6;
				ENABLE_PREVIEWS = YES;
				GENERATE_INFOPLIST_FILE = YES;
				INFOPLIST_KEY_UIApplicationSceneManifest_Generation = YES;
				INFOPLIST_KEY_UIApplicationSupportsIndirectInputEvents = YES;
				INFOPLIST_KEY_UILaunchScreen_Generation = YES;
				INFOPLIST_KEY_UISupportedInterfaceOrientations_iPad = "UIInterfaceOrientationPortrait UIInterfaceOrientationPortraitUpsideDown UIInterfaceOrientationLandscapeLeft UIInterfaceOrientationLandscapeRight";
				INFOPLIST_KEY_UISupportedInterfaceOrientations_iPhone = "UIInterfaceOrientationPortrait UIInterfaceOrientationLandscapeLeft UIInterfaceOrientationLandscapeRight";
				LD_RUNPATH_SEARCH_PATHS = (
					"$(inherited)",
					"@executable_path/Frameworks",
				);
				MARKETING_VERSION = 1.0;
				PRODUCT_BUNDLE_IDENTIFIER = stephane.bressani.dev.astrohelper;
				PRODUCT_NAME = "$(TARGET_NAME)";
				SWIFT_EMIT_LOC_STRINGS = YES;
				SWIFT_VERSION = 5.0;
				TARGETED_DEVICE_FAMILY = "1,2";
			};
			name = Release;
		};
/* End XCBuildConfiguration section */

/* Begin XCConfigurationList section */
		F4AED15D292E130C00480C2E /* Build configuration list for PBXProject "astrohelper" */ = {
			isa = XCConfigurationList;
			buildConfigurations = (
				F4AED16E292E130E00480C2E /* Debug */,
				F4AED16F292E130E00480C2E /* Release */,
			);
			defaultConfigurationIsVisible = 0;
			defaultConfigurationName = Release;
		};
		F4AED170292E130E00480C2E /* Build configuration list for PBXNativeTarget "astrohelper" */ = {
			isa = XCConfigurationList;
			buildConfigurations = (
				F4AED171292E130E00480C2E /* Debug */,
				F4AED172292E130E00480C2E /* Release */,
			);
			defaultConfigurationIsVisible = 0;
			defaultConfigurationName = Release;
		};
/* End XCConfigurationList section */

/* Begin XCRemoteSwiftPackageReference section */
		F4AED173292E13C500480C2E /* XCRemoteSwiftPackageReference "Zip-1" */ = {
			isa = XCRemoteSwiftPackageReference;
			repositoryURL = "https://github.com/stephaneworkspace/Zip-1";
			requirement = {
				branch = master;
				kind = branch;
			};
		};
		F4AED176292E13DE00480C2E /* XCRemoteSwiftPackageReference "SweBressaniDev" */ = {
			isa = XCRemoteSwiftPackageReference;
			repositoryURL = "https://github.com/stephaneworkspace/SweBressaniDev.git";
			requirement = {
				branch = main;
				kind = branch;
			};
		};
/* End XCRemoteSwiftPackageReference section */

/* Begin XCSwiftPackageProductDependency section */
		F4AED174292E13C500480C2E /* Zip */ = {
			isa = XCSwiftPackageProductDependency;
			package = F4AED173292E13C500480C2E /* XCRemoteSwiftPackageReference "Zip-1" */;
			productName = Zip;
		};
		F4AED177292E13DE00480C2E /* SweBressaniDev */ = {
			isa = XCSwiftPackageProductDependency;
			package = F4AED176292E13DE00480C2E /* XCRemoteSwiftPackageReference "SweBressaniDev" */;
			productName = SweBressaniDev;
		};
/* End XCSwiftPackageProductDependency section */
	};
	rootObject = F4AED15A292E130C00480C2E /* Project object */;
}
